{
  "name": "nest-module-cli",
  "version": "1.0.0",
  "lockfileVersion": 3,
  "requires": true,
  "packages": {
    "": {
      "name": "nest-module-cli",
      "version": "1.0.0",
      "license": "MIT",
      "bin": {
        "nest-module": "generate.js",
        "nmodule": "generate.js"
      },
      "engines": {
        "node": ">=14.0.0"
      }
    }
  }
}
